<?xml version="1.0" encoding="utf-8"?>
<Project ToolsVersion="4.0" xmlns="http://schemas.microsoft.com/developer/msbuild/2003">
  <ItemGroup>
    <Filter Include="Source Files">
      <UniqueIdentifier>{4FC737F1-C7A5-4376-A066-2A32D752A2FF}</UniqueIdentifier>
      <Extensions>cpp;c;cc;cxx;def;odl;idl;hpj;bat;asm;asmx</Extensions>
    </Filter>
    <Filter Include="Header Files">
      <UniqueIdentifier>{93995380-89BD-4b04-88EB-625FBE52EBFB}</UniqueIdentifier>
      <Extensions>h;hpp;hxx;hm;inl;inc;xsd</Extensions>
    </Filter>
    <Filter Include="Resource Files">
      <UniqueIdentifier>{67DA6AB6-F800-4c08-8B7A-83BB121AAD01}</UniqueIdentifier>
      <Extensions>rc;ico;cur;bmp;dlg;rc2;rct;bin;rgs;gif;jpg;jpeg;jpe;resx;tiff;tif;png;wav</Extensions>
    </Filter>
    <Filter Include="Blocks">
      <UniqueIdentifier>{C34E7BB9-674F-4992-92A1-33F21F940C6C}</UniqueIdentifier>
    </Filter>
    <Filter Include="Blocks\Cinder-Hap2">
      <UniqueIdentifier>{047B3218-F484-4CF0-8331-BD6EB282CFF5}</UniqueIdentifier>
    </Filter>
    <Filter Include="Blocks\Cinder-Hap2\src">
      <UniqueIdentifier>{BB2AB761-B250-4587-9A8B-839246FCA566}</UniqueIdentifier>
    </Filter>
    <Filter Include="Blocks\ImGui">
      <UniqueIdentifier>{1D5DD9D2-9A91-4925-B3D8-BDB43351930A}</UniqueIdentifier>
    </Filter>
    <Filter Include="Blocks\ImGui\include">
      <UniqueIdentifier>{DABDA698-11BA-448D-82AE-DDC8E70948FC}</UniqueIdentifier>
    </Filter>
    <Filter Include="Blocks\ImGui\lib">
      <UniqueIdentifier>{52AB48E4-B70E-4806-AF91-D190241833D1}</UniqueIdentifier>
    </Filter>
    <Filter Include="Blocks\ImGui\lib\imgui">
      <UniqueIdentifier>{B273BBE5-C849-45BB-8060-B081FDE14A09}</UniqueIdentifier>
    </Filter>
    <Filter Include="Blocks\ImGui\src">
      <UniqueIdentifier>{2A8A5508-90CE-42D6-8E6A-F04373B7322B}</UniqueIdentifier>
    </Filter>
    <Filter Include="Blocks\Midi2">
      <UniqueIdentifier>{3D2E9ED9-CF2B-44EC-85E6-BAC1313E97FA}</UniqueIdentifier>
    </Filter>
    <Filter Include="Blocks\Midi2\include">
      <UniqueIdentifier>{7538600B-900F-4AD2-B30D-F220E2AA6500}</UniqueIdentifier>
    </Filter>
    <Filter Include="Blocks\Midi2\lib">
      <UniqueIdentifier>{7930684F-2493-4E3F-8D03-62975F153001}</UniqueIdentifier>
    </Filter>
    <Filter Include="Blocks\Midi2\src">
      <UniqueIdentifier>{28D2D9B6-0D19-4709-B179-CC2B24D5551F}</UniqueIdentifier>
    </Filter>
    <Filter Include="Blocks\OpenCV3">
      <UniqueIdentifier>{50524413-A5DF-4D22-A632-1810A95B7E23}</UniqueIdentifier>
    </Filter>
    <Filter Include="Blocks\OpenCV3\include">
      <UniqueIdentifier>{95D0FB3B-997A-4693-BB5C-9641E1773FC6}</UniqueIdentifier>
    </Filter>
    <Filter Include="Blocks\Videodromm">
      <UniqueIdentifier>{1B3F42F7-E733-43A6-8A69-21B2308E9BD2}</UniqueIdentifier>
    </Filter>
    <Filter Include="Blocks\Videodromm\include">
      <UniqueIdentifier>{34F07808-5D7F-48C2-BBAB-E478CDCE7B1A}</UniqueIdentifier>
    </Filter>
    <Filter Include="Blocks\Videodromm\src">
      <UniqueIdentifier>{D4A4C27E-E613-4871-AA9C-83F9CA4D80E1}</UniqueIdentifier>
    </Filter>
    <Filter Include="Blocks\vnm">
      <UniqueIdentifier>{1F7FAB6C-B036-43A9-9328-BC3F2B4DC1EB}</UniqueIdentifier>
    </Filter>
    <Filter Include="Blocks\vnm\src">
      <UniqueIdentifier>{1A57CBEF-1552-41C7-8820-C5D168218FCC}</UniqueIdentifier>
    </Filter>
    <Filter Include="Blocks\Cinder-Warping">
      <UniqueIdentifier>{49497681-B356-4E38-8AF3-53A69A2886C7}</UniqueIdentifier>
    </Filter>
    <Filter Include="Blocks\Cinder-Warping\include">
      <UniqueIdentifier>{F642379F-97B3-4AE3-95CB-71A5963C3B35}</UniqueIdentifier>
    </Filter>
    <Filter Include="Blocks\Cinder-Warping\src">
      <UniqueIdentifier>{26BA0F8A-3F82-46A3-9E00-961605E5467B}</UniqueIdentifier>
    </Filter>
    <Filter Include="Blocks\Cinder-WebSocketPP">
      <UniqueIdentifier>{3CF8B134-2365-48E4-B6BA-6EAB68857CAB}</UniqueIdentifier>
    </Filter>
    <Filter Include="Blocks\Cinder-WebSocketPP\src">
      <UniqueIdentifier>{9695D36F-3354-49A2-BF56-B8E17E0CB25F}</UniqueIdentifier>
    </Filter>
    <Filter Include="Blocks\CinderFluid">
      <UniqueIdentifier>{F40AFA6C-91FA-492D-96FA-A28CF5FF0C64}</UniqueIdentifier>
    </Filter>
    <Filter Include="Blocks\CinderFluid\src">
      <UniqueIdentifier>{234F5E9C-C7C5-491D-83F0-694ECFB6E066}</UniqueIdentifier>
    </Filter>
    <Filter Include="Blocks\CinderFluid\src\cinderfx">
      <UniqueIdentifier>{C6784E5A-0A94-4BEE-B683-69564828E059}</UniqueIdentifier>
    </Filter>
    <Filter Include="Blocks\OSC">
      <UniqueIdentifier>{D472DFAA-B040-445E-8CDE-C65C2EF39B35}</UniqueIdentifier>
    </Filter>
    <Filter Include="Blocks\OSC\src">
      <UniqueIdentifier>{E6F10804-2864-4A42-8BB2-913F0F147245}</UniqueIdentifier>
    </Filter>
    <Filter Include="Blocks\Cinder-KinectSDK">
      <UniqueIdentifier>{45d06c6c-6279-473d-ad82-623f1900504d}</UniqueIdentifier>
    </Filter>
    <Filter Include="Blocks\Cinder-KinectSDK\include">
      <UniqueIdentifier>{dc858d8b-8a66-4915-b6b5-837aa0498fc8}</UniqueIdentifier>
    </Filter>
    <Filter Include="Blocks\Cinder-KinectSDK\src">
      <UniqueIdentifier>{d8709eb4-cc51-47d5-9021-778f03040bdf}</UniqueIdentifier>
    </Filter>
    <Filter Include="Blocks\Cinder-KinectSDK\v1">
      <UniqueIdentifier>{127a397d-81c4-43bc-ae96-019c7b7f771e}</UniqueIdentifier>
    </Filter>
    <Filter Include="Blocks\Cinder-KinectSDK\v2">
      <UniqueIdentifier>{185dd738-9469-4f3b-b06f-fbcdfa039114}</UniqueIdentifier>
    </Filter>
    <Filter Include="Blocks\vnm\include">
      <UniqueIdentifier>{495a6ab7-3370-4f81-aeb5-24c97a6c941c}</UniqueIdentifier>
    </Filter>
  </ItemGroup>
  <ItemGroup>
    <ClCompile Include="..\src\VideodrommKinectApp.cpp">
      <Filter>Source Files</Filter>
    </ClCompile>
    <ClInclude Include="..\include\Resources.h">
      <Filter>Header Files</Filter>
    </ClInclude>
    <ClCompile Include="..\src\VideodrommKinectApp.cpp">
      <Filter>Source Files</Filter>
    </ClCompile>
    <ClCompile Include="..\..\..\Cinder\blocks\Cinder-Hap2\src\MovieHap.cpp">
      <Filter>Blocks\Cinder-Hap2\src</Filter>
    </ClCompile>
    <ClCompile Include="..\..\..\Cinder\blocks\Cinder-Hap2\src\HapSupport.c">
      <Filter>Blocks\Cinder-Hap2\src</Filter>
    </ClCompile>
    <ClInclude Include="..\..\..\Cinder\blocks\Cinder-Hap2\src\HapSupport.h">
      <Filter>Blocks\Cinder-Hap2\src</Filter>
    </ClInclude>
    <ClInclude Include="..\..\..\Cinder\blocks\Cinder-Hap2\src\MovieHap.h">
      <Filter>Blocks\Cinder-Hap2\src</Filter>
    </ClInclude>
    <ClInclude Include="..\..\..\Cinder\blocks\Cinder-ImGui\include\CinderImGui.h">
      <Filter>Blocks\ImGui\include</Filter>
    </ClInclude>
    <ClInclude Include="..\..\..\Cinder\blocks\Cinder-ImGui\include\imgui_user.h">
      <Filter>Blocks\ImGui\include</Filter>
    </ClInclude>
    <ClInclude Include="..\..\..\Cinder\blocks\Cinder-ImGui\include\imgui_user.inl">
      <Filter>Blocks\ImGui\include</Filter>
    </ClInclude>
    <ClInclude Include="..\..\..\Cinder\blocks\Cinder-ImGui\lib\imgui\imconfig.h">
      <Filter>Blocks\ImGui\lib\imgui</Filter>
    </ClInclude>
    <ClInclude Include="..\..\..\Cinder\blocks\Cinder-ImGui\lib\imgui\imgui.h">
      <Filter>Blocks\ImGui\lib\imgui</Filter>
    </ClInclude>
    <ClInclude Include="..\..\..\Cinder\blocks\Cinder-ImGui\lib\imgui\imgui_internal.h">
      <Filter>Blocks\ImGui\lib\imgui</Filter>
    </ClInclude>
    <ClCompile Include="..\..\..\Cinder\blocks\Cinder-ImGui\src\CinderImGui.cpp">
      <Filter>Blocks\ImGui\src</Filter>
    </ClCompile>
    <ClCompile Include="..\..\..\Cinder\blocks\Cinder-ImGui\lib\imgui\imgui.cpp">
      <Filter>Blocks\ImGui\lib\imgui</Filter>
    </ClCompile>
    <ClCompile Include="..\..\..\Cinder\blocks\Cinder-ImGui\lib\imgui\imgui_draw.cpp">
      <Filter>Blocks\ImGui\lib\imgui</Filter>
    </ClCompile>
    <ClCompile Include="..\..\..\Cinder\blocks\Cinder-ImGui\lib\imgui\imgui_demo.cpp">
      <Filter>Blocks\ImGui\lib\imgui</Filter>
    </ClCompile>
    <ClInclude Include="..\..\..\Cinder\blocks\Cinder-MIDI2\include\CinderMidi.h">
      <Filter>Blocks\Midi2\include</Filter>
    </ClInclude>
    <ClInclude Include="..\..\..\Cinder\blocks\Cinder-MIDI2\include\MidiExceptions.h">
      <Filter>Blocks\Midi2\include</Filter>
    </ClInclude>
    <ClInclude Include="..\..\..\Cinder\blocks\Cinder-MIDI2\include\MidiHub.h">
      <Filter>Blocks\Midi2\include</Filter>
    </ClInclude>
    <ClInclude Include="..\..\..\Cinder\blocks\Cinder-MIDI2\include\MidiOut.h">
      <Filter>Blocks\Midi2\include</Filter>
    </ClInclude>
    <ClInclude Include="..\..\..\Cinder\blocks\Cinder-MIDI2\lib\RtMidi.h">
      <Filter>Blocks\Midi2\lib</Filter>
    </ClInclude>
    <ClCompile Include="..\..\..\Cinder\blocks\Cinder-MIDI2\lib\RtMidi.cpp">
      <Filter>Blocks\Midi2\lib</Filter>
    </ClCompile>
    <ClCompile Include="..\..\..\Cinder\blocks\Cinder-MIDI2\src\MidiHub.cpp">
      <Filter>Blocks\Midi2\src</Filter>
    </ClCompile>
    <ClCompile Include="..\..\..\Cinder\blocks\Cinder-MIDI2\src\CinderMidi.cpp">
      <Filter>Blocks\Midi2\src</Filter>
    </ClCompile>
    <ClCompile Include="..\..\..\Cinder\blocks\Cinder-MIDI2\src\MidiOut.cpp">
      <Filter>Blocks\Midi2\src</Filter>
    </ClCompile>
    <ClInclude Include="..\..\..\Cinder\blocks\Cinder-OpenCV3\include\CinderOpenCV.h">
      <Filter>Blocks\OpenCV3\include</Filter>
    </ClInclude>
    <ClInclude Include="..\..\..\Cinder\blocks\Cinder-Videodromm\include\LiveParam.h">
      <Filter>Blocks\Videodromm\include</Filter>
    </ClInclude>
    <ClInclude Include="..\..\..\Cinder\blocks\Cinder-Videodromm\include\VDAnimation.h">
      <Filter>Blocks\Videodromm\include</Filter>
    </ClInclude>
    <ClInclude Include="..\..\..\Cinder\blocks\Cinder-Videodromm\include\VDConsole.h">
      <Filter>Blocks\Videodromm\include</Filter>
    </ClInclude>
    <ClInclude Include="..\..\..\Cinder\blocks\Cinder-Videodromm\include\VDFbo.h">
      <Filter>Blocks\Videodromm\include</Filter>
    </ClInclude>
    <ClInclude Include="..\..\..\Cinder\blocks\Cinder-Videodromm\include\VDLog.h">
      <Filter>Blocks\Videodromm\include</Filter>
    </ClInclude>
    <ClInclude Include="..\..\..\Cinder\blocks\Cinder-Videodromm\include\VDMix.h">
      <Filter>Blocks\Videodromm\include</Filter>
    </ClInclude>
    <ClInclude Include="..\..\..\Cinder\blocks\Cinder-Videodromm\include\VDRouter.h">
      <Filter>Blocks\Videodromm\include</Filter>
    </ClInclude>
    <ClInclude Include="..\..\..\Cinder\blocks\Cinder-Videodromm\include\VDSession.h">
      <Filter>Blocks\Videodromm\include</Filter>
    </ClInclude>
    <ClInclude Include="..\..\..\Cinder\blocks\Cinder-Videodromm\include\VDSettings.h">
      <Filter>Blocks\Videodromm\include</Filter>
    </ClInclude>
    <ClInclude Include="..\..\..\Cinder\blocks\Cinder-Videodromm\include\VDShader.h">
      <Filter>Blocks\Videodromm\include</Filter>
    </ClInclude>
    <ClInclude Include="..\..\..\Cinder\blocks\Cinder-Videodromm\include\VDTexture.h">
      <Filter>Blocks\Videodromm\include</Filter>
    </ClInclude>
    <ClInclude Include="..\..\..\Cinder\blocks\Cinder-Videodromm\include\VDUI.h">
      <Filter>Blocks\Videodromm\include</Filter>
    </ClInclude>
    <ClInclude Include="..\..\..\Cinder\blocks\Cinder-Videodromm\include\VDUIAnimation.h">
      <Filter>Blocks\Videodromm\include</Filter>
    </ClInclude>
    <ClInclude Include="..\..\..\Cinder\blocks\Cinder-Videodromm\include\VDUIAudio.h">
      <Filter>Blocks\Videodromm\include</Filter>
    </ClInclude>
    <ClInclude Include="..\..\..\Cinder\blocks\Cinder-Videodromm\include\VDUIBlend.h">
      <Filter>Blocks\Videodromm\include</Filter>
    </ClInclude>
    <ClInclude Include="..\..\..\Cinder\blocks\Cinder-Videodromm\include\VDUIChannels.h">
      <Filter>Blocks\Videodromm\include</Filter>
    </ClInclude>
    <ClInclude Include="..\..\..\Cinder\blocks\Cinder-Videodromm\include\VDUIColor.h">
      <Filter>Blocks\Videodromm\include</Filter>
    </ClInclude>
    <ClInclude Include="..\..\..\Cinder\blocks\Cinder-Videodromm\include\VDUIFbos.h">
      <Filter>Blocks\Videodromm\include</Filter>
    </ClInclude>
    <ClInclude Include="..\..\..\Cinder\blocks\Cinder-Videodromm\include\VDUIMidi.h">
      <Filter>Blocks\Videodromm\include</Filter>
    </ClInclude>
    <ClInclude Include="..\..\..\Cinder\blocks\Cinder-Videodromm\include\VDUIMouse.h">
      <Filter>Blocks\Videodromm\include</Filter>
    </ClInclude>
    <ClInclude Include="..\..\..\Cinder\blocks\Cinder-Videodromm\include\VDUIOsc.h">
      <Filter>Blocks\Videodromm\include</Filter>
    </ClInclude>
    <ClInclude Include="..\..\..\Cinder\blocks\Cinder-Videodromm\include\VDUIShaders.h">
      <Filter>Blocks\Videodromm\include</Filter>
    </ClInclude>
    <ClInclude Include="..\..\..\Cinder\blocks\Cinder-Videodromm\include\VDUITempo.h">
      <Filter>Blocks\Videodromm\include</Filter>
    </ClInclude>
    <ClInclude Include="..\..\..\Cinder\blocks\Cinder-Videodromm\include\VDUITextures.h">
      <Filter>Blocks\Videodromm\include</Filter>
    </ClInclude>
    <ClInclude Include="..\..\..\Cinder\blocks\Cinder-Videodromm\include\VDUIWebsockets.h">
      <Filter>Blocks\Videodromm\include</Filter>
    </ClInclude>
    <ClInclude Include="..\..\..\Cinder\blocks\Cinder-Videodromm\include\VDUtils.h">
      <Filter>Blocks\Videodromm\include</Filter>
    </ClInclude>
    <ClInclude Include="..\..\..\Cinder\blocks\Cinder-Videodromm\include\Watchdog.h">
      <Filter>Blocks\Videodromm\include</Filter>
    </ClInclude>
    <ClCompile Include="..\..\..\Cinder\blocks\Cinder-Videodromm\src\LiveParam.cpp">
      <Filter>Blocks\Videodromm\src</Filter>
    </ClCompile>
    <ClCompile Include="..\..\..\Cinder\blocks\Cinder-Videodromm\src\VDAnimation.cpp">
      <Filter>Blocks\Videodromm\src</Filter>
    </ClCompile>
    <ClCompile Include="..\..\..\Cinder\blocks\Cinder-Videodromm\src\VDConsole.cpp">
      <Filter>Blocks\Videodromm\src</Filter>
    </ClCompile>
    <ClCompile Include="..\..\..\Cinder\blocks\Cinder-Videodromm\src\VDFbo.cpp">
      <Filter>Blocks\Videodromm\src</Filter>
    </ClCompile>
    <ClCompile Include="..\..\..\Cinder\blocks\Cinder-Videodromm\src\VDLog.cpp">
      <Filter>Blocks\Videodromm\src</Filter>
    </ClCompile>
    <ClCompile Include="..\..\..\Cinder\blocks\Cinder-Videodromm\src\VDMix.cpp">
      <Filter>Blocks\Videodromm\src</Filter>
    </ClCompile>
    <ClCompile Include="..\..\..\Cinder\blocks\Cinder-Videodromm\src\VDRouter.cpp">
      <Filter>Blocks\Videodromm\src</Filter>
    </ClCompile>
    <ClCompile Include="..\..\..\Cinder\blocks\Cinder-Videodromm\src\VDSession.cpp">
      <Filter>Blocks\Videodromm\src</Filter>
    </ClCompile>
    <ClCompile Include="..\..\..\Cinder\blocks\Cinder-Videodromm\src\VDSettings.cpp">
      <Filter>Blocks\Videodromm\src</Filter>
    </ClCompile>
    <ClCompile Include="..\..\..\Cinder\blocks\Cinder-Videodromm\src\VDShader.cpp">
      <Filter>Blocks\Videodromm\src</Filter>
    </ClCompile>
    <ClCompile Include="..\..\..\Cinder\blocks\Cinder-Videodromm\src\VDTexture.cpp">
      <Filter>Blocks\Videodromm\src</Filter>
    </ClCompile>
    <ClCompile Include="..\..\..\Cinder\blocks\Cinder-Videodromm\src\VDUI.cpp">
      <Filter>Blocks\Videodromm\src</Filter>
    </ClCompile>
    <ClCompile Include="..\..\..\Cinder\blocks\Cinder-Videodromm\src\VDUIAnimation.cpp">
      <Filter>Blocks\Videodromm\src</Filter>
    </ClCompile>
    <ClCompile Include="..\..\..\Cinder\blocks\Cinder-Videodromm\src\VDUIAudio.cpp">
      <Filter>Blocks\Videodromm\src</Filter>
    </ClCompile>
    <ClCompile Include="..\..\..\Cinder\blocks\Cinder-Videodromm\src\VDUIBlend.cpp">
      <Filter>Blocks\Videodromm\src</Filter>
    </ClCompile>
    <ClCompile Include="..\..\..\Cinder\blocks\Cinder-Videodromm\src\VDUIChannels.cpp">
      <Filter>Blocks\Videodromm\src</Filter>
    </ClCompile>
    <ClCompile Include="..\..\..\Cinder\blocks\Cinder-Videodromm\src\VDUIColor.cpp">
      <Filter>Blocks\Videodromm\src</Filter>
    </ClCompile>
    <ClCompile Include="..\..\..\Cinder\blocks\Cinder-Videodromm\src\VDUIFbos.cpp">
      <Filter>Blocks\Videodromm\src</Filter>
    </ClCompile>
    <ClCompile Include="..\..\..\Cinder\blocks\Cinder-Videodromm\src\VDUIMidi.cpp">
      <Filter>Blocks\Videodromm\src</Filter>
    </ClCompile>
    <ClCompile Include="..\..\..\Cinder\blocks\Cinder-Videodromm\src\VDUIMouse.cpp">
      <Filter>Blocks\Videodromm\src</Filter>
    </ClCompile>
    <ClCompile Include="..\..\..\Cinder\blocks\Cinder-Videodromm\src\VDUIOsc.cpp">
      <Filter>Blocks\Videodromm\src</Filter>
    </ClCompile>
    <ClCompile Include="..\..\..\Cinder\blocks\Cinder-Videodromm\src\VDUIShaders.cpp">
      <Filter>Blocks\Videodromm\src</Filter>
    </ClCompile>
    <ClCompile Include="..\..\..\Cinder\blocks\Cinder-Videodromm\src\VDUITempo.cpp">
      <Filter>Blocks\Videodromm\src</Filter>
    </ClCompile>
    <ClCompile Include="..\..\..\Cinder\blocks\Cinder-Videodromm\src\VDUITextures.cpp">
      <Filter>Blocks\Videodromm\src</Filter>
    </ClCompile>
    <ClCompile Include="..\..\..\Cinder\blocks\Cinder-Videodromm\src\VDUIWebsockets.cpp">
      <Filter>Blocks\Videodromm\src</Filter>
    </ClCompile>
    <ClCompile Include="..\..\..\Cinder\blocks\Cinder-Videodromm\src\VDUtils.cpp">
      <Filter>Blocks\Videodromm\src</Filter>
    </ClCompile>
    <ClInclude Include="..\..\..\Cinder\blocks\Cinder-Warping\include\Warp.h">
      <Filter>Blocks\Cinder-Warping\include</Filter>
    </ClInclude>
    <ClCompile Include="..\..\..\Cinder\blocks\Cinder-Warping\src\Warp.cpp">
      <Filter>Blocks\Cinder-Warping\src</Filter>
    </ClCompile>
    <ClCompile Include="..\..\..\Cinder\blocks\Cinder-Warping\src\WarpBilinear.cpp">
      <Filter>Blocks\Cinder-Warping\src</Filter>
    </ClCompile>
    <ClCompile Include="..\..\..\Cinder\blocks\Cinder-Warping\src\WarpPerspective.cpp">
      <Filter>Blocks\Cinder-Warping\src</Filter>
    </ClCompile>
    <ClCompile Include="..\..\..\Cinder\blocks\Cinder-Warping\src\WarpPerspectiveBilinear.cpp">
      <Filter>Blocks\Cinder-Warping\src</Filter>
    </ClCompile>
    <ClCompile Include="..\..\..\Cinder\blocks\Cinder-WebSocketPP\src\WebSocketClient.cpp">
      <Filter>Blocks\Cinder-WebSocketPP\src</Filter>
    </ClCompile>
    <ClCompile Include="..\..\..\Cinder\blocks\Cinder-WebSocketPP\src\WebSocketConnection.cpp">
      <Filter>Blocks\Cinder-WebSocketPP\src</Filter>
    </ClCompile>
    <ClCompile Include="..\..\..\Cinder\blocks\Cinder-WebSocketPP\src\WebSocketServer.cpp">
      <Filter>Blocks\Cinder-WebSocketPP\src</Filter>
    </ClCompile>
    <ClInclude Include="..\..\..\Cinder\blocks\Cinder-WebSocketPP\src\WebSocketClient.h">
      <Filter>Blocks\Cinder-WebSocketPP\src</Filter>
    </ClInclude>
    <ClInclude Include="..\..\..\Cinder\blocks\Cinder-WebSocketPP\src\WebSocketConnection.h">
      <Filter>Blocks\Cinder-WebSocketPP\src</Filter>
    </ClInclude>
    <ClInclude Include="..\..\..\Cinder\blocks\Cinder-WebSocketPP\src\WebSocketServer.h">
      <Filter>Blocks\Cinder-WebSocketPP\src</Filter>
    </ClInclude>
    <ClCompile Include="..\..\..\Cinder\blocks\CinderFx\src\cinderfx\Fluid2D.cpp">
      <Filter>Blocks\CinderFluid\src\cinderfx</Filter>
    </ClCompile>
    <ClInclude Include="..\..\..\Cinder\blocks\CinderFx\src\cinderfx\Clamp.h">
      <Filter>Blocks\CinderFluid\src\cinderfx</Filter>
    </ClInclude>
    <ClInclude Include="..\..\..\Cinder\blocks\CinderFx\src\cinderfx\Fluid2D.h">
      <Filter>Blocks\CinderFluid\src\cinderfx</Filter>
    </ClInclude>
    <ClInclude Include="..\..\..\Cinder\blocks\CinderFx\src\cinderfx\Grid.h">
      <Filter>Blocks\CinderFluid\src\cinderfx</Filter>
    </ClInclude>
    <ClCompile Include="..\..\..\Cinder\blocks\OSC\src\Osc.cpp">
      <Filter>Blocks\OSC\src</Filter>
    </ClCompile>
    <ClInclude Include="..\..\..\Cinder\blocks\OSC\src\Osc.h">
      <Filter>Blocks\OSC\src</Filter>
    </ClInclude>
    <ClCompile Include="..\src\Particles.cpp">
      <Filter>Source Files</Filter>
    </ClCompile>
    <ClCompile Include="..\..\..\Cinder\blocks\Cinder-KinectSDK\KinectDevice.cpp">
      <Filter>Blocks\Cinder-KinectSDK\src</Filter>
    </ClCompile>
    <ClCompile Include="..\src\BlobTracker.cpp">
      <Filter>Source Files</Filter>
    </ClCompile>
    <ClCompile Include="..\..\..\Cinder\blocks\Cinder-KinectSDK\v1\src\CoordinateMapper.cpp">
      <Filter>Blocks\Cinder-KinectSDK\v1</Filter>
    </ClCompile>
    <ClCompile Include="..\..\..\Cinder\blocks\Cinder-KinectSDK\v1\src\DataStream.cpp">
      <Filter>Blocks\Cinder-KinectSDK\v1</Filter>
    </ClCompile>
    <ClCompile Include="..\..\..\Cinder\blocks\Cinder-KinectSDK\v1\src\DataStreamAudio.cpp">
      <Filter>Blocks\Cinder-KinectSDK\v1</Filter>
    </ClCompile>
    <ClCompile Include="..\..\..\Cinder\blocks\Cinder-KinectSDK\v1\src\DataStreamColor.cpp">
      <Filter>Blocks\Cinder-KinectSDK\v1</Filter>
    </ClCompile>
    <ClCompile Include="..\..\..\Cinder\blocks\Cinder-KinectSDK\v1\src\DataStreamDepth.cpp">
      <Filter>Blocks\Cinder-KinectSDK\v1</Filter>
    </ClCompile>
    <ClCompile Include="..\..\..\Cinder\blocks\Cinder-KinectSDK\v1\src\DataStreamSkeleton.cpp">
      <Filter>Blocks\Cinder-KinectSDK\v1</Filter>
    </ClCompile>
    <ClCompile Include="..\..\..\Cinder\blocks\Cinder-KinectSDK\v1\src\FaceTracker.cpp">
      <Filter>Blocks\Cinder-KinectSDK\v1</Filter>
    </ClCompile>
    <ClCompile Include="..\..\..\Cinder\blocks\Cinder-KinectSDK\v1\src\KinectAudioStream.cpp">
      <Filter>Blocks\Cinder-KinectSDK\v1</Filter>
    </ClCompile>
    <ClCompile Include="..\..\..\Cinder\blocks\Cinder-KinectSDK\v1\src\KinectCommonBridgeLib.cpp">
      <Filter>Blocks\Cinder-KinectSDK\v1</Filter>
    </ClCompile>
    <ClCompile Include="..\..\..\Cinder\blocks\Cinder-KinectSDK\v1\src\KinectSensor.cpp">
      <Filter>Blocks\Cinder-KinectSDK\v1</Filter>
    </ClCompile>
    <ClCompile Include="..\..\..\Cinder\blocks\Cinder-KinectSDK\v1\src\MediaBuffer.cpp">
      <Filter>Blocks\Cinder-KinectSDK\v1</Filter>
    </ClCompile>
    <ClCompile Include="..\..\..\Cinder\blocks\Cinder-KinectSDK\v1\src\SensorManager.cpp">
      <Filter>Blocks\Cinder-KinectSDK\v1</Filter>
    </ClCompile>
    <ClCompile Include="..\..\..\Cinder\blocks\Cinder-KinectSDK\v1\src\stdafx.cpp">
      <Filter>Blocks\Cinder-KinectSDK\v1</Filter>
    </ClCompile>
    <ClCompile Include="..\..\..\Cinder\blocks\Cinder-KinectSDK\v2\src\KCBFrames.cpp">
      <Filter>Blocks\Cinder-KinectSDK\v2</Filter>
    </ClCompile>
    <ClCompile Include="..\..\..\Cinder\blocks\Cinder-KinectSDK\v2\src\KCBSensor.cpp">
      <Filter>Blocks\Cinder-KinectSDK\v2</Filter>
    </ClCompile>
    <ClCompile Include="..\..\..\Cinder\blocks\Cinder-KinectSDK\v2\src\KCBv2Lib.cpp">
      <Filter>Blocks\Cinder-KinectSDK\v2</Filter>
    </ClCompile>
    <ClCompile Include="..\..\..\Cinder\blocks\Cinder-KinectSDK\v2\src\KinectList.cpp">
      <Filter>Blocks\Cinder-KinectSDK\v2</Filter>
    </ClCompile>
  </ItemGroup>
  <ItemGroup>
    <ClInclude Include="..\include\Resources.h">
      <Filter>Header Files</Filter>
    </ClInclude>
    <ClInclude Include="..\include\VideodrommKinectApp.h">
      <Filter>Header Files</Filter>
    </ClInclude>
    <ClInclude Include="..\include\Particles.h">
      <Filter>Header Files</Filter>
    </ClInclude>
    <ClInclude Include="..\..\..\Cinder\blocks\Cinder-KinectSDK\KinectDevice.h">
      <Filter>Blocks\Cinder-KinectSDK\include</Filter>
    </ClInclude>
    <ClInclude Include="..\include\BlobTracker.h">
      <Filter>Header Files</Filter>
    </ClInclude>
    <ClInclude Include="..\include\point2d.h">
      <Filter>Header Files</Filter>
    </ClInclude>
    <ClInclude Include="..\..\..\Cinder\blocks\Cinder-KinectSDK\v1\src\AutoLock.h">
      <Filter>Blocks\Cinder-KinectSDK\v1</Filter>
    </ClInclude>
    <ClInclude Include="..\..\..\Cinder\blocks\Cinder-KinectSDK\v1\src\ComSmartPtr.h">
      <Filter>Blocks\Cinder-KinectSDK\v1</Filter>
    </ClInclude>
    <ClInclude Include="..\..\..\Cinder\blocks\Cinder-KinectSDK\v1\src\CoordinateMapper.h">
      <Filter>Blocks\Cinder-KinectSDK\v1</Filter>
    </ClInclude>
    <ClInclude Include="..\..\..\Cinder\blocks\Cinder-KinectSDK\v1\src\CriticalSection.h">
      <Filter>Blocks\Cinder-KinectSDK\v1</Filter>
    </ClInclude>
    <ClInclude Include="..\..\..\Cinder\blocks\Cinder-KinectSDK\v1\src\DataStream.h">
      <Filter>Blocks\Cinder-KinectSDK\v1</Filter>
    </ClInclude>
    <ClInclude Include="..\..\..\Cinder\blocks\Cinder-KinectSDK\v1\src\DataStreamAudio.h">
      <Filter>Blocks\Cinder-KinectSDK\v1</Filter>
    </ClInclude>
    <ClInclude Include="..\..\..\Cinder\blocks\Cinder-KinectSDK\v1\src\DataStreamColor.h">
      <Filter>Blocks\Cinder-KinectSDK\v1</Filter>
    </ClInclude>
    <ClInclude Include="..\..\..\Cinder\blocks\Cinder-KinectSDK\v1\src\DataStreamDepth.h">
      <Filter>Blocks\Cinder-KinectSDK\v1</Filter>
    </ClInclude>
    <ClInclude Include="..\..\..\Cinder\blocks\Cinder-KinectSDK\v1\src\DataStreamSkeleton.h">
      <Filter>Blocks\Cinder-KinectSDK\v1</Filter>
    </ClInclude>
    <ClInclude Include="..\..\..\Cinder\blocks\Cinder-KinectSDK\v1\src\FaceTracker.h">
      <Filter>Blocks\Cinder-KinectSDK\v1</Filter>
    </ClInclude>
    <ClInclude Include="..\..\..\Cinder\blocks\Cinder-KinectSDK\v1\src\KinectAudioStream.h">
      <Filter>Blocks\Cinder-KinectSDK\v1</Filter>
    </ClInclude>
    <ClInclude Include="..\..\..\Cinder\blocks\Cinder-KinectSDK\v1\src\KinectCommonBridgeLib.h">
      <Filter>Blocks\Cinder-KinectSDK\v1</Filter>
    </ClInclude>
    <ClInclude Include="..\..\..\Cinder\blocks\Cinder-KinectSDK\v1\src\KinectSensor.h">
      <Filter>Blocks\Cinder-KinectSDK\v1</Filter>
    </ClInclude>
    <ClInclude Include="..\..\..\Cinder\blocks\Cinder-KinectSDK\v1\src\MediaBuffer.h">
      <Filter>Blocks\Cinder-KinectSDK\v1</Filter>
    </ClInclude>
    <ClInclude Include="..\..\..\Cinder\blocks\Cinder-KinectSDK\v1\src\SensorManager.h">
      <Filter>Blocks\Cinder-KinectSDK\v1</Filter>
    </ClInclude>
    <ClInclude Include="..\..\..\Cinder\blocks\Cinder-KinectSDK\v1\src\stdafx.h">
      <Filter>Blocks\Cinder-KinectSDK\v1</Filter>
    </ClInclude>
    <ClInclude Include="..\..\..\Cinder\blocks\Cinder-KinectSDK\v1\src\targetver.h">
      <Filter>Blocks\Cinder-KinectSDK\v1</Filter>
    </ClInclude>
    <ClInclude Include="..\..\..\Cinder\blocks\Cinder-KinectSDK\v2\src\AutoLock.h">
      <Filter>Blocks\Cinder-KinectSDK\v2</Filter>
    </ClInclude>
    <ClInclude Include="..\..\..\Cinder\blocks\Cinder-KinectSDK\v2\src\KCBSensor.h">
      <Filter>Blocks\Cinder-KinectSDK\v2</Filter>
    </ClInclude>
    <ClInclude Include="..\..\..\Cinder\blocks\Cinder-KinectSDK\v2\src\KCBv2Lib.h">
      <Filter>Blocks\Cinder-KinectSDK\v2</Filter>
    </ClInclude>
    <ClInclude Include="..\..\..\Cinder\blocks\Cinder-KinectSDK\v2\src\KinectList.h">
      <Filter>Blocks\Cinder-KinectSDK\v2</Filter>
    </ClInclude>
    <ClInclude Include="..\..\..\Cinder\blocks\Cinder-KinectSDK\v2\src\stdafx.h">
      <Filter>Blocks\Cinder-KinectSDK\v2</Filter>
    </ClInclude>
    <ClInclude Include="..\..\..\Cinder\blocks\Cinder-VNM\include\AssetManager.h">
      <Filter>Blocks\vnm\include</Filter>
    </ClInclude>
    <ClInclude Include="..\..\..\Cinder\blocks\Cinder-VNM\include\CaptureHelper.h">
      <Filter>Blocks\vnm\include</Filter>
    </ClInclude>
    <ClInclude Include="..\..\..\Cinder\blocks\Cinder-VNM\include\DistortionHelper.h">
      <Filter>Blocks\vnm\include</Filter>
    </ClInclude>
    <ClInclude Include="..\..\..\Cinder\blocks\Cinder-VNM\include\MiniConfig.h">
      <Filter>Blocks\vnm\include</Filter>
    </ClInclude>
    <ClInclude Include="..\..\..\Cinder\blocks\Cinder-VNM\include\MiniConfigImgui.h">
      <Filter>Blocks\vnm\include</Filter>
    </ClInclude>
    <ClInclude Include="..\..\..\Cinder\blocks\Cinder-VNM\include\MotionHelper.h">
      <Filter>Blocks\vnm\include</Filter>
    </ClInclude>
    <ClInclude Include="..\..\..\Cinder\blocks\Cinder-VNM\include\StateMachine.h">
      <Filter>Blocks\vnm\include</Filter>
    </ClInclude>
    <ClInclude Include="..\..\..\Cinder\blocks\Cinder-VNM\include\TextureHelper.h">
      <Filter>Blocks\vnm\include</Filter>
    </ClInclude>
  </ItemGroup>
  <ItemGroup>
    <ResourceCompile Include="Resources.rc">
      <Filter>Resource Files</Filter>
    </ResourceCompile>
  </ItemGroup>
</Project>